
Microsoft Visual Studio Solution File, Format Version 12.00
# Visual Studio Version 17
VisualStudioVersion = 17.14.36414.22
MinimumVisualStudioVersion = 10.0.40219.1
Project("{FAE04EC0-301F-11D3-BF4B-00C04F79EFBC}") = "BASS", "BASS\BASS.csproj", "{34E73C59-49A7-4D09-8471-415F4590EB27}"
EndProject
Project("{FAE04EC0-301F-11D3-BF4B-00C04F79EFBC}") = "CS", "CS\CS.csproj", "{8CBACDBB-3BDF-4539-A02C-441308D16A49}"
EndProject
Project("{FAE04EC0-301F-11D3-BF4B-00C04F79EFBC}") = "FM", "FM\FM.csproj", "{EE5B23C9-E9F1-4E5F-9714-D825BC2B7543}"
EndProject
Global
	GlobalSection(SolutionConfigurationPlatforms) = preSolution
		Debug|Any CPU = Debug|Any CPU
		Release|Any CPU = Release|Any CPU
	EndGlobalSection
	GlobalSection(ProjectConfigurationPlatforms) = postSolution
		{34E73C59-49A7-4D09-8471-415F4590EB27}.Debug|Any CPU.ActiveCfg = Debug|Any CPU
		{34E73C59-49A7-4D09-8471-415F4590EB27}.Debug|Any CPU.Build.0 = Debug|Any CPU
		{34E73C59-49A7-4D09-8471-415F4590EB27}.Release|Any CPU.ActiveCfg = Release|Any CPU
		{34E73C59-49A7-4D09-8471-415F4590EB27}.Release|Any CPU.Build.0 = Release|Any CPU
		{8CBACDBB-3BDF-4539-A02C-441308D16A49}.Debug|Any CPU.ActiveCfg = Debug|Any CPU
		{8CBACDBB-3BDF-4539-A02C-441308D16A49}.Debug|Any CPU.Build.0 = Debug|Any CPU
		{8CBACDBB-3BDF-4539-A02C-441308D16A49}.Release|Any CPU.ActiveCfg = Release|Any CPU
		{8CBACDBB-3BDF-4539-A02C-441308D16A49}.Release|Any CPU.Build.0 = Release|Any CPU
		{EE5B23C9-E9F1-4E5F-9714-D825BC2B7543}.Debug|Any CPU.ActiveCfg = Debug|Any CPU
		{EE5B23C9-E9F1-4E5F-9714-D825BC2B7543}.Debug|Any CPU.Build.0 = Debug|Any CPU
		{EE5B23C9-E9F1-4E5F-9714-D825BC2B7543}.Release|Any CPU.ActiveCfg = Release|Any CPU
		{EE5B23C9-E9F1-4E5F-9714-D825BC2B7543}.Release|Any CPU.Build.0 = Release|Any CPU
	EndGlobalSection
	GlobalSection(SolutionProperties) = preSolution
		HideSolutionNode = FALSE
	EndGlobalSection
	GlobalSection(ExtensibilityGlobals) = postSolution
		SolutionGuid = {FBF9041F-874B-48E8-9923-C064875C625A}
	EndGlobalSection
EndGlobal
