
Microsoft Visual Studio Solution File, Format Version 12.00
# Visual Studio Version 17
VisualStudioVersion = 17.14.36414.22 d17.14
MinimumVisualStudioVersion = 10.0.40219.1
Project("{FAE04EC0-301F-11D3-BF4B-00C04F79EFBC}") = "K11", "K11\K11.csproj", "{DF637686-A4AC-42FF-9AA4-04CA44EE8824}"
EndProject
Project("{FAE04EC0-301F-11D3-BF4B-00C04F79EFBC}") = "K11-2", "K11-2\K11-2.csproj", "{01576466-9085-4FBE-B28F-1A16B6869C0D}"
EndProject
Global
	GlobalSection(SolutionConfigurationPlatforms) = preSolution
		Debug|Any CPU = Debug|Any CPU
		Release|Any CPU = Release|Any CPU
	EndGlobalSection
	GlobalSection(ProjectConfigurationPlatforms) = postSolution
		{DF637686-A4AC-42FF-9AA4-04CA44EE8824}.Debug|Any CPU.ActiveCfg = Debug|Any CPU
		{DF637686-A4AC-42FF-9AA4-04CA44EE8824}.Debug|Any CPU.Build.0 = Debug|Any CPU
		{DF637686-A4AC-42FF-9AA4-04CA44EE8824}.Release|Any CPU.ActiveCfg = Release|Any CPU
		{DF637686-A4AC-42FF-9AA4-04CA44EE8824}.Release|Any CPU.Build.0 = Release|Any CPU
		{01576466-9085-4FBE-B28F-1A16B6869C0D}.Debug|Any CPU.ActiveCfg = Debug|Any CPU
		{01576466-9085-4FBE-B28F-1A16B6869C0D}.Debug|Any CPU.Build.0 = Debug|Any CPU
		{01576466-9085-4FBE-B28F-1A16B6869C0D}.Release|Any CPU.ActiveCfg = Release|Any CPU
		{01576466-9085-4FBE-B28F-1A16B6869C0D}.Release|Any CPU.Build.0 = Release|Any CPU
	EndGlobalSection
	GlobalSection(SolutionProperties) = preSolution
		HideSolutionNode = FALSE
	EndGlobalSection
	GlobalSection(ExtensibilityGlobals) = postSolution
		SolutionGuid = {1BCB0747-C534-48CC-A62B-AEB85CF6A4CC}
	EndGlobalSection
EndGlobal
